{
  "requires": true,
  "lockfileVersion": 1,
  "dependencies": {
    "react-circular-progressbar": {
      "version": "2.0.3",
      "resolved": "https://registry.npmjs.org/react-circular-progressbar/-/react-circular-progressbar-2.0.3.tgz",
      "integrity": "sha512-YKN+xAShXA3gYihevbQZbavfiJxo83Dt1cUxqg/cltj4VVsRQpDr7Fg1mvjDG3x1KHGtd9NmYKvJ2mMrPwbKyw=="
    }
  }
}
